// !$*UTF8*$!
{
	archiveVersion = 1;
	classes = {
	};
	objectVersion = 50;
	objects = {

/* Begin PBXBuildFile section */
		3B575C1622C4B11A00D2EAFF /* SmokingData.swift in Sources */ = {isa = PBXBuildFile; fileRef = 3B575C1522C4B11A00D2EAFF /* SmokingData.swift */; };
		3B575C1822C4B5B500D2EAFF /* Int+Extension.swift in Sources */ = {isa = PBXBuildFile; fileRef = 3B575C1722C4B5B500D2EAFF /* Int+Extension.swift */; };
		3B575C1A22C4B73800D2EAFF /* Date+Extension.swift in Sources */ = {isa = PBXBuildFile; fileRef = 3B575C1922C4B73800D2EAFF /* Date+Extension.swift */; };
		3B575C1C22C4DC8700D2EAFF /* DateFormatter+Extension.swift in Sources */ = {isa = PBXBuildFile; fileRef = 3B575C1B22C4DC8700D2EAFF /* DateFormatter+Extension.swift */; };
		3B575C1E22C4F0D600D2EAFF /* LogData.swift in Sources */ = {isa = PBXBuildFile; fileRef = 3B575C1D22C4F0D600D2EAFF /* LogData.swift */; };
		3B575C2022C4F14500D2EAFF /* LogManager.swift in Sources */ = {isa = PBXBuildFile; fileRef = 3B575C1F22C4F14500D2EAFF /* LogManager.swift */; };
		3B575C2422C5047D00D2EAFF /* StatusViewController.swift in Sources */ = {isa = PBXBuildFile; fileRef = 3B575C2322C5047D00D2EAFF /* StatusViewController.swift */; };
		3B575C2A22C53AE900D2EAFF /* TimeDelegate.swift in Sources */ = {isa = PBXBuildFile; fileRef = 3B575C2922C53AE900D2EAFF /* TimeDelegate.swift */; };
		3B7F78C422C3C1550026FB8B /* AppDelegate.swift in Sources */ = {isa = PBXBuildFile; fileRef = 3B7F78C322C3C1550026FB8B /* AppDelegate.swift */; };
		3B7F78C622C3C1550026FB8B /* ViewController.swift in Sources */ = {isa = PBXBuildFile; fileRef = 3B7F78C522C3C1550026FB8B /* ViewController.swift */; };
		3B7F78C922C3C1550026FB8B /* Main.storyboard in Resources */ = {isa = PBXBuildFile; fileRef = 3B7F78C722C3C1550026FB8B /* Main.storyboard */; };
		3B7F78CB22C3C1560026FB8B /* Assets.xcassets in Resources */ = {isa = PBXBuildFile; fileRef = 3B7F78CA22C3C1560026FB8B /* Assets.xcassets */; };
		3B7F78CE22C3C1560026FB8B /* LaunchScreen.storyboard in Resources */ = {isa = PBXBuildFile; fileRef = 3B7F78CC22C3C1560026FB8B /* LaunchScreen.storyboard */; };
		3B7F78E222C483F10026FB8B /* MainFirstTVCell.swift in Sources */ = {isa = PBXBuildFile; fileRef = 3B7F78E122C483F10026FB8B /* MainFirstTVCell.swift */; };
		3B7F78E422C483FD0026FB8B /* MainSecondTVCell.swift in Sources */ = {isa = PBXBuildFile; fileRef = 3B7F78E322C483FD0026FB8B /* MainSecondTVCell.swift */; };
		3B7F78E622C486230026FB8B /* MainFirstCVCell.swift in Sources */ = {isa = PBXBuildFile; fileRef = 3B7F78E522C486230026FB8B /* MainFirstCVCell.swift */; };
		3B7F78E822C487010026FB8B /* MainThirdTVCell.swift in Sources */ = {isa = PBXBuildFile; fileRef = 3B7F78E722C487010026FB8B /* MainThirdTVCell.swift */; };
		3B7F78EA22C48CF30026FB8B /* NibLoadable.swift in Sources */ = {isa = PBXBuildFile; fileRef = 3B7F78E922C48CF30026FB8B /* NibLoadable.swift */; };
		3B7F78EC22C48D140026FB8B /* UITableView+Extension.swift in Sources */ = {isa = PBXBuildFile; fileRef = 3B7F78EB22C48D140026FB8B /* UITableView+Extension.swift */; };
		3B7F78EE22C48D220026FB8B /* UIStoryboard+Extension.swift in Sources */ = {isa = PBXBuildFile; fileRef = 3B7F78ED22C48D220026FB8B /* UIStoryboard+Extension.swift */; };
		3B7F78F022C495730026FB8B /* UICollectionViewCell+Extension.swift in Sources */ = {isa = PBXBuildFile; fileRef = 3B7F78EF22C495730026FB8B /* UICollectionViewCell+Extension.swift */; };
		3B7F78F222C4A2690026FB8B /* SmokingSaveType.swift in Sources */ = {isa = PBXBuildFile; fileRef = 3B7F78F122C4A2690026FB8B /* SmokingSaveType.swift */; };
		6160BC32C2D8E25B604B1BBD /* Pods_Breather.framework in Frameworks */ = {isa = PBXBuildFile; fileRef = 107697970FA79D5E6A94C084 /* Pods_Breather.framework */; };
/* End PBXBuildFile section */

/* Begin PBXFileReference section */
		107697970FA79D5E6A94C084 /* Pods_Breather.framework */ = {isa = PBXFileReference; explicitFileType = wrapper.framework; includeInIndex = 0; path = Pods_Breather.framework; sourceTree = BUILT_PRODUCTS_DIR; };
		3B575C1522C4B11A00D2EAFF /* SmokingData.swift */ = {isa = PBXFileReference; lastKnownFileType = sourcecode.swift; path = SmokingData.swift; sourceTree = "<group>"; };
		3B575C1722C4B5B500D2EAFF /* Int+Extension.swift */ = {isa = PBXFileReference; lastKnownFileType = sourcecode.swift; path = "Int+Extension.swift"; sourceTree = "<group>"; };
		3B575C1922C4B73800D2EAFF /* Date+Extension.swift */ = {isa = PBXFileReference; lastKnownFileType = sourcecode.swift; path = "Date+Extension.swift"; sourceTree = "<group>"; };
		3B575C1B22C4DC8700D2EAFF /* DateFormatter+Extension.swift */ = {isa = PBXFileReference; lastKnownFileType = sourcecode.swift; path = "DateFormatter+Extension.swift"; sourceTree = "<group>"; };
		3B575C1D22C4F0D600D2EAFF /* LogData.swift */ = {isa = PBXFileReference; lastKnownFileType = sourcecode.swift; path = LogData.swift; sourceTree = "<group>"; };
		3B575C1F22C4F14500D2EAFF /* LogManager.swift */ = {isa = PBXFileReference; lastKnownFileType = sourcecode.swift; path = LogManager.swift; sourceTree = "<group>"; };
		3B575C2322C5047D00D2EAFF /* StatusViewController.swift */ = {isa = PBXFileReference; lastKnownFileType = sourcecode.swift; path = StatusViewController.swift; sourceTree = "<group>"; };
		3B575C2922C53AE900D2EAFF /* TimeDelegate.swift */ = {isa = PBXFileReference; lastKnownFileType = sourcecode.swift; path = TimeDelegate.swift; sourceTree = "<group>"; };
		3B7F78C022C3C1550026FB8B /* Breather.app */ = {isa = PBXFileReference; explicitFileType = wrapper.application; includeInIndex = 0; path = Breather.app; sourceTree = BUILT_PRODUCTS_DIR; };
		3B7F78C322C3C1550026FB8B /* AppDelegate.swift */ = {isa = PBXFileReference; lastKnownFileType = sourcecode.swift; path = AppDelegate.swift; sourceTree = "<group>"; };
		3B7F78C522C3C1550026FB8B /* ViewController.swift */ = {isa = PBXFileReference; lastKnownFileType = sourcecode.swift; path = ViewController.swift; sourceTree = "<group>"; };
		3B7F78C822C3C1550026FB8B /* Base */ = {isa = PBXFileReference; lastKnownFileType = file.storyboard; name = Base; path = Base.lproj/Main.storyboard; sourceTree = "<group>"; };
		3B7F78CA22C3C1560026FB8B /* Assets.xcassets */ = {isa = PBXFileReference; lastKnownFileType = folder.assetcatalog; path = Assets.xcassets; sourceTree = "<group>"; };
		3B7F78CD22C3C1560026FB8B /* Base */ = {isa = PBXFileReference; lastKnownFileType = file.storyboard; name = Base; path = Base.lproj/LaunchScreen.storyboard; sourceTree = "<group>"; };
		3B7F78CF22C3C1560026FB8B /* Info.plist */ = {isa = PBXFileReference; lastKnownFileType = text.plist.xml; path = Info.plist; sourceTree = "<group>"; };
		3B7F78E122C483F10026FB8B /* MainFirstTVCell.swift */ = {isa = PBXFileReference; lastKnownFileType = sourcecode.swift; path = MainFirstTVCell.swift; sourceTree = "<group>"; };
		3B7F78E322C483FD0026FB8B /* MainSecondTVCell.swift */ = {isa = PBXFileReference; lastKnownFileType = sourcecode.swift; path = MainSecondTVCell.swift; sourceTree = "<group>"; };
		3B7F78E522C486230026FB8B /* MainFirstCVCell.swift */ = {isa = PBXFileReference; lastKnownFileType = sourcecode.swift; path = MainFirstCVCell.swift; sourceTree = "<group>"; };
		3B7F78E722C487010026FB8B /* MainThirdTVCell.swift */ = {isa = PBXFileReference; lastKnownFileType = sourcecode.swift; path = MainThirdTVCell.swift; sourceTree = "<group>"; };
		3B7F78E922C48CF30026FB8B /* NibLoadable.swift */ = {isa = PBXFileReference; lastKnownFileType = sourcecode.swift; path = NibLoadable.swift; sourceTree = "<group>"; };
		3B7F78EB22C48D140026FB8B /* UITableView+Extension.swift */ = {isa = PBXFileReference; lastKnownFileType = sourcecode.swift; path = "UITableView+Extension.swift"; sourceTree = "<group>"; };
		3B7F78ED22C48D220026FB8B /* UIStoryboard+Extension.swift */ = {isa = PBXFileReference; lastKnownFileType = sourcecode.swift; path = "UIStoryboard+Extension.swift"; sourceTree = "<group>"; };
		3B7F78EF22C495730026FB8B /* UICollectionViewCell+Extension.swift */ = {isa = PBXFileReference; lastKnownFileType = sourcecode.swift; path = "UICollectionViewCell+Extension.swift"; sourceTree = "<group>"; };
		3B7F78F122C4A2690026FB8B /* SmokingSaveType.swift */ = {isa = PBXFileReference; lastKnownFileType = sourcecode.swift; path = SmokingSaveType.swift; sourceTree = "<group>"; };
		8757C237EE15C14B4B2232FC /* Pods-Breather.debug.xcconfig */ = {isa = PBXFileReference; includeInIndex = 1; lastKnownFileType = text.xcconfig; name = "Pods-Breather.debug.xcconfig"; path = "Target Support Files/Pods-Breather/Pods-Breather.debug.xcconfig"; sourceTree = "<group>"; };
		F9AE13669C4F1F7BF101D1C6 /* Pods-Breather.release.xcconfig */ = {isa = PBXFileReference; includeInIndex = 1; lastKnownFileType = text.xcconfig; name = "Pods-Breather.release.xcconfig"; path = "Target Support Files/Pods-Breather/Pods-Breather.release.xcconfig"; sourceTree = "<group>"; };
/* End PBXFileReference section */

/* Begin PBXFrameworksBuildPhase section */
		3B7F78BD22C3C1550026FB8B /* Frameworks */ = {
			isa = PBXFrameworksBuildPhase;
			buildActionMask = 2147483647;
			files = (
				6160BC32C2D8E25B604B1BBD /* Pods_Breather.framework in Frameworks */,
			);
			runOnlyForDeploymentPostprocessing = 0;
		};
/* End PBXFrameworksBuildPhase section */

/* Begin PBXGroup section */
		3B575C1022C4AA2D00D2EAFF /* Common */ = {
			isa = PBXGroup;
			children = (
				3B7F78E922C48CF30026FB8B /* NibLoadable.swift */,
				3B575C2922C53AE900D2EAFF /* TimeDelegate.swift */,
			);
			path = Common;
			sourceTree = "<group>";
		};
		3B575C1122C4AA3100D2EAFF /* Extensions */ = {
			isa = PBXGroup;
			children = (
				3B7F78EB22C48D140026FB8B /* UITableView+Extension.swift */,
				3B7F78ED22C48D220026FB8B /* UIStoryboard+Extension.swift */,
				3B7F78EF22C495730026FB8B /* UICollectionViewCell+Extension.swift */,
				3B575C1722C4B5B500D2EAFF /* Int+Extension.swift */,
				3B575C1922C4B73800D2EAFF /* Date+Extension.swift */,
				3B575C1B22C4DC8700D2EAFF /* DateFormatter+Extension.swift */,
			);
			path = Extensions;
			sourceTree = "<group>";
		};
		3B575C1222C4AA6600D2EAFF /* Model */ = {
			isa = PBXGroup;
			children = (
				3B7F78F122C4A2690026FB8B /* SmokingSaveType.swift */,
				3B575C1522C4B11A00D2EAFF /* SmokingData.swift */,
			);
			path = Model;
			sourceTree = "<group>";
		};
		3B575C1322C4AA6E00D2EAFF /* Manager */ = {
			isa = PBXGroup;
			children = (
				3B575C1D22C4F0D600D2EAFF /* LogData.swift */,
				3B575C1F22C4F14500D2EAFF /* LogManager.swift */,
			);
			path = Manager;
			sourceTree = "<group>";
		};
		3B575C1422C4AA7800D2EAFF /* ViewController */ = {
			isa = PBXGroup;
			children = (
				3B7F78C522C3C1550026FB8B /* ViewController.swift */,
				3B7F78E122C483F10026FB8B /* MainFirstTVCell.swift */,
				3B7F78E322C483FD0026FB8B /* MainSecondTVCell.swift */,
				3B7F78E722C487010026FB8B /* MainThirdTVCell.swift */,
				3B7F78E522C486230026FB8B /* MainFirstCVCell.swift */,
				3B575C2322C5047D00D2EAFF /* StatusViewController.swift */,
			);
			path = ViewController;
			sourceTree = "<group>";
		};
		3B7F78B722C3C1550026FB8B = {
			isa = PBXGroup;
			children = (
				3B7F78C222C3C1550026FB8B /* Breather */,
				3B7F78C122C3C1550026FB8B /* Products */,
				6FFE2F89F06C5B3C582DBBC6 /* Pods */,
				C4CA94EEA2644C13C64B5384 /* Frameworks */,
			);
			sourceTree = "<group>";
		};
		3B7F78C122C3C1550026FB8B /* Products */ = {
			isa = PBXGroup;
			children = (
				3B7F78C022C3C1550026FB8B /* Breather.app */,
			);
			name = Products;
			sourceTree = "<group>";
		};
		3B7F78C222C3C1550026FB8B /* Breather */ = {
			isa = PBXGroup;
			children = (
				3B575C1022C4AA2D00D2EAFF /* Common */,
				3B575C1122C4AA3100D2EAFF /* Extensions */,
				3B575C1222C4AA6600D2EAFF /* Model */,
				3B575C1322C4AA6E00D2EAFF /* Manager */,
				3B575C1422C4AA7800D2EAFF /* ViewController */,
				3B7F78C322C3C1550026FB8B /* AppDelegate.swift */,
				3B7F78C722C3C1550026FB8B /* Main.storyboard */,
				3B7F78CA22C3C1560026FB8B /* Assets.xcassets */,
				3B7F78CC22C3C1560026FB8B /* LaunchScreen.storyboard */,
				3B7F78CF22C3C1560026FB8B /* Info.plist */,
			);
			path = Breather;
			sourceTree = "<group>";
		};
		6FFE2F89F06C5B3C582DBBC6 /* Pods */ = {
			isa = PBXGroup;
			children = (
				8757C237EE15C14B4B2232FC /* Pods-Breather.debug.xcconfig */,
				F9AE13669C4F1F7BF101D1C6 /* Pods-Breather.release.xcconfig */,
			);
			path = Pods;
			sourceTree = "<group>";
		};
		C4CA94EEA2644C13C64B5384 /* Frameworks */ = {
			isa = PBXGroup;
			children = (
				107697970FA79D5E6A94C084 /* Pods_Breather.framework */,
			);
			name = Frameworks;
			sourceTree = "<group>";
		};
/* End PBXGroup section */

/* Begin PBXNativeTarget section */
		3B7F78BF22C3C1550026FB8B /* Breather */ = {
			isa = PBXNativeTarget;
			buildConfigurationList = 3B7F78D222C3C1560026FB8B /* Build configuration list for PBXNativeTarget "Breather" */;
			buildPhases = (
				D4DC39EB5E4AEB22CA5B604E /* [CP] Check Pods Manifest.lock */,
				3B7F78BC22C3C1550026FB8B /* Sources */,
				3B7F78BD22C3C1550026FB8B /* Frameworks */,
				3B7F78BE22C3C1550026FB8B /* Resources */,
				4DE26971AC48F89BF60C9960 /* [CP] Embed Pods Frameworks */,
			);
			buildRules = (
			);
			dependencies = (
			);
			name = Breather;
			productName = Breather;
			productReference = 3B7F78C022C3C1550026FB8B /* Breather.app */;
			productType = "com.apple.product-type.application";
		};
/* End PBXNativeTarget section */

/* Begin PBXProject section */
		3B7F78B822C3C1550026FB8B /* Project object */ = {
			isa = PBXProject;
			attributes = {
				LastSwiftUpdateCheck = 1020;
				LastUpgradeCheck = 1020;
				ORGANIZATIONNAME = "강수진";
				TargetAttributes = {
					3B7F78BF22C3C1550026FB8B = {
						CreatedOnToolsVersion = 10.2.1;
					};
				};
			};
			buildConfigurationList = 3B7F78BB22C3C1550026FB8B /* Build configuration list for PBXProject "Breather" */;
			compatibilityVersion = "Xcode 9.3";
			developmentRegion = en;
			hasScannedForEncodings = 0;
			knownRegions = (
				en,
				Base,
			);
			mainGroup = 3B7F78B722C3C1550026FB8B;
			productRefGroup = 3B7F78C122C3C1550026FB8B /* Products */;
			projectDirPath = "";
			projectRoot = "";
			targets = (
				3B7F78BF22C3C1550026FB8B /* Breather */,
			);
		};
/* End PBXProject section */

/* Begin PBXResourcesBuildPhase section */
		3B7F78BE22C3C1550026FB8B /* Resources */ = {
			isa = PBXResourcesBuildPhase;
			buildActionMask = 2147483647;
			files = (
				3B7F78CE22C3C1560026FB8B /* LaunchScreen.storyboard in Resources */,
				3B7F78CB22C3C1560026FB8B /* Assets.xcassets in Resources */,
				3B7F78C922C3C1550026FB8B /* Main.storyboard in Resources */,
			);
			runOnlyForDeploymentPostprocessing = 0;
		};
/* End PBXResourcesBuildPhase section */

/* Begin PBXShellScriptBuildPhase section */
		4DE26971AC48F89BF60C9960 /* [CP] Embed Pods Frameworks */ = {
			isa = PBXShellScriptBuildPhase;
			buildActionMask = 2147483647;
			files = (
			);
			inputFileListPaths = (
			);
			inputPaths = (
				"${PODS_ROOT}/Target Support Files/Pods-Breather/Pods-Breather-frameworks.sh",
				"${BUILT_PRODUCTS_DIR}/Charts/Charts.framework",
				"${BUILT_PRODUCTS_DIR}/Realm/Realm.framework",
				"${BUILT_PRODUCTS_DIR}/RealmSwift/RealmSwift.framework",
			);
			name = "[CP] Embed Pods Frameworks";
			outputFileListPaths = (
			);
			outputPaths = (
				"${TARGET_BUILD_DIR}/${FRAMEWORKS_FOLDER_PATH}/Charts.framework",
				"${TARGET_BUILD_DIR}/${FRAMEWORKS_FOLDER_PATH}/Realm.framework",
				"${TARGET_BUILD_DIR}/${FRAMEWORKS_FOLDER_PATH}/RealmSwift.framework",
			);
			runOnlyForDeploymentPostprocessing = 0;
			shellPath = /bin/sh;
			shellScript = "\"${PODS_ROOT}/Target Support Files/Pods-Breather/Pods-Breather-frameworks.sh\"\n";
			showEnvVarsInLog = 0;
		};
		D4DC39EB5E4AEB22CA5B604E /* [CP] Check Pods Manifest.lock */ = {
			isa = PBXShellScriptBuildPhase;
			buildActionMask = 2147483647;
			files = (
			);
			inputFileListPaths = (
			);
			inputPaths = (
				"${PODS_PODFILE_DIR_PATH}/Podfile.lock",
				"${PODS_ROOT}/Manifest.lock",
			);
			name = "[CP] Check Pods Manifest.lock";
			outputFileListPaths = (
			);
			outputPaths = (
				"$(DERIVED_FILE_DIR)/Pods-Breather-checkManifestLockResult.txt",
			);
			runOnlyForDeploymentPostprocessing = 0;
			shellPath = /bin/sh;
			shellScript = "diff \"${PODS_PODFILE_DIR_PATH}/Podfile.lock\" \"${PODS_ROOT}/Manifest.lock\" > /dev/null\nif [ $? != 0 ] ; then\n    # print error to STDERR\n    echo \"error: The sandbox is not in sync with the Podfile.lock. Run 'pod install' or update your CocoaPods installation.\" >&2\n    exit 1\nfi\n# This output is used by Xcode 'outputs' to avoid re-running this script phase.\necho \"SUCCESS\" > \"${SCRIPT_OUTPUT_FILE_0}\"\n";
			showEnvVarsInLog = 0;
		};
/* End PBXShellScriptBuildPhase section */

/* Begin PBXSourcesBuildPhase section */
		3B7F78BC22C3C1550026FB8B /* Sources */ = {
			isa = PBXSourcesBuildPhase;
			buildActionMask = 2147483647;
			files = (
				3B575C2022C4F14500D2EAFF /* LogManager.swift in Sources */,
				3B575C2A22C53AE900D2EAFF /* TimeDelegate.swift in Sources */,
				3B7F78E422C483FD0026FB8B /* MainSecondTVCell.swift in Sources */,
				3B7F78C622C3C1550026FB8B /* ViewController.swift in Sources */,
				3B575C1622C4B11A00D2EAFF /* SmokingData.swift in Sources */,
				3B7F78EA22C48CF30026FB8B /* NibLoadable.swift in Sources */,
				3B575C1E22C4F0D600D2EAFF /* LogData.swift in Sources */,
				3B7F78E822C487010026FB8B /* MainThirdTVCell.swift in Sources */,
				3B7F78C422C3C1550026FB8B /* AppDelegate.swift in Sources */,
				3B7F78E222C483F10026FB8B /* MainFirstTVCell.swift in Sources */,
				3B7F78E622C486230026FB8B /* MainFirstCVCell.swift in Sources */,
				3B575C1C22C4DC8700D2EAFF /* DateFormatter+Extension.swift in Sources */,
				3B575C1822C4B5B500D2EAFF /* Int+Extension.swift in Sources */,
				3B7F78EC22C48D140026FB8B /* UITableView+Extension.swift in Sources */,
				3B7F78F222C4A2690026FB8B /* SmokingSaveType.swift in Sources */,
				3B575C1A22C4B73800D2EAFF /* Date+Extension.swift in Sources */,
				3B7F78F022C495730026FB8B /* UICollectionViewCell+Extension.swift in Sources */,
				3B575C2422C5047D00D2EAFF /* StatusViewController.swift in Sources */,
				3B7F78EE22C48D220026FB8B /* UIStoryboard+Extension.swift in Sources */,
			);
			runOnlyForDeploymentPostprocessing = 0;
		};
/* End PBXSourcesBuildPhase section */

/* Begin PBXVariantGroup section */
		3B7F78C722C3C1550026FB8B /* Main.storyboard */ = {
			isa = PBXVariantGroup;
			children = (
				3B7F78C822C3C1550026FB8B /* Base */,
			);
			name = Main.storyboard;
			sourceTree = "<group>";
		};
		3B7F78CC22C3C1560026FB8B /* LaunchScreen.storyboard */ = {
			isa = PBXVariantGroup;
			children = (
				3B7F78CD22C3C1560026FB8B /* Base */,
			);
			name = LaunchScreen.storyboard;
			sourceTree = "<group>";
		};
/* End PBXVariantGroup section */

/* Begin XCBuildConfiguration section */
		3B7F78D022C3C1560026FB8B /* Debug */ = {
			isa = XCBuildConfiguration;
			buildSettings = {
				ALWAYS_SEARCH_USER_PATHS = NO;
				CLANG_ANALYZER_NONNULL = YES;
				CLANG_ANALYZER_NUMBER_OBJECT_CONVERSION = YES_AGGRESSIVE;
				CLANG_CXX_LANGUAGE_STANDARD = "gnu++14";
				CLANG_CXX_LIBRARY = "libc++";
				CLANG_ENABLE_MODULES = YES;
				CLANG_ENABLE_OBJC_ARC = YES;
				CLANG_ENABLE_OBJC_WEAK = YES;
				CLANG_WARN_BLOCK_CAPTURE_AUTORELEASING = YES;
				CLANG_WARN_BOOL_CONVERSION = YES;
				CLANG_WARN_COMMA = YES;
				CLANG_WARN_CONSTANT_CONVERSION = YES;
				CLANG_WARN_DEPRECATED_OBJC_IMPLEMENTATIONS = YES;
				CLANG_WARN_DIRECT_OBJC_ISA_USAGE = YES_ERROR;
				CLANG_WARN_DOCUMENTATION_COMMENTS = YES;
				CLANG_WARN_EMPTY_BODY = YES;
				CLANG_WARN_ENUM_CONVERSION = YES;
				CLANG_WARN_INFINITE_RECURSION = YES;
				CLANG_WARN_INT_CONVERSION = YES;
				CLANG_WARN_NON_LITERAL_NULL_CONVERSION = YES;
				CLANG_WARN_OBJC_IMPLICIT_RETAIN_SELF = YES;
				CLANG_WARN_OBJC_LITERAL_CONVERSION = YES;
				CLANG_WARN_OBJC_ROOT_CLASS = YES_ERROR;
				CLANG_WARN_RANGE_LOOP_ANALYSIS = YES;
				CLANG_WARN_STRICT_PROTOTYPES = YES;
				CLANG_WARN_SUSPICIOUS_MOVE = YES;
				CLANG_WARN_UNGUARDED_AVAILABILITY = YES_AGGRESSIVE;
				CLANG_WARN_UNREACHABLE_CODE = YES;
				CLANG_WARN__DUPLICATE_METHOD_MATCH = YES;
				CODE_SIGN_IDENTITY = "iPhone Developer";
				COPY_PHASE_STRIP = NO;
				DEBUG_INFORMATION_FORMAT = dwarf;
				ENABLE_STRICT_OBJC_MSGSEND = YES;
				ENABLE_TESTABILITY = YES;
				GCC_C_LANGUAGE_STANDARD = gnu11;
				GCC_DYNAMIC_NO_PIC = NO;
				GCC_NO_COMMON_BLOCKS = YES;
				GCC_OPTIMIZATION_LEVEL = 0;
				GCC_PREPROCESSOR_DEFINITIONS = (
					"DEBUG=1",
					"$(inherited)",
				);
				GCC_WARN_64_TO_32_BIT_CONVERSION = YES;
				GCC_WARN_ABOUT_RETURN_TYPE = YES_ERROR;
				GCC_WARN_UNDECLARED_SELECTOR = YES;
				GCC_WARN_UNINITIALIZED_AUTOS = YES_AGGRESSIVE;
				GCC_WARN_UNUSED_FUNCTION = YES;
				GCC_WARN_UNUSED_VARIABLE = YES;
				IPHONEOS_DEPLOYMENT_TARGET = 12.2;
				MTL_ENABLE_DEBUG_INFO = INCLUDE_SOURCE;
				MTL_FAST_MATH = YES;
				ONLY_ACTIVE_ARCH = YES;
				SDKROOT = iphoneos;
				SWIFT_ACTIVE_COMPILATION_CONDITIONS = DEBUG;
				SWIFT_OPTIMIZATION_LEVEL = "-Onone";
			};
			name = Debug;
		};
		3B7F78D122C3C1560026FB8B /* Release */ = {
			isa = XCBuildConfiguration;
			buildSettings = {
				ALWAYS_SEARCH_USER_PATHS = NO;
				CLANG_ANALYZER_NONNULL = YES;
				CLANG_ANALYZER_NUMBER_OBJECT_CONVERSION = YES_AGGRESSIVE;
				CLANG_CXX_LANGUAGE_STANDARD = "gnu++14";
				CLANG_CXX_LIBRARY = "libc++";
				CLANG_ENABLE_MODULES = YES;
				CLANG_ENABLE_OBJC_ARC = YES;
				CLANG_ENABLE_OBJC_WEAK = YES;
				CLANG_WARN_BLOCK_CAPTURE_AUTORELEASING = YES;
				CLANG_WARN_BOOL_CONVERSION = YES;
				CLANG_WARN_COMMA = YES;
				CLANG_WARN_CONSTANT_CONVERSION = YES;
				CLANG_WARN_DEPRECATED_OBJC_IMPLEMENTATIONS = YES;
				CLANG_WARN_DIRECT_OBJC_ISA_USAGE = YES_ERROR;
				CLANG_WARN_DOCUMENTATION_COMMENTS = YES;
				CLANG_WARN_EMPTY_BODY = YES;
				CLANG_WARN_ENUM_CONVERSION = YES;
				CLANG_WARN_INFINITE_RECURSION = YES;
				CLANG_WARN_INT_CONVERSION = YES;
				CLANG_WARN_NON_LITERAL_NULL_CONVERSION = YES;
				CLANG_WARN_OBJC_IMPLICIT_RETAIN_SELF = YES;
				CLANG_WARN_OBJC_LITERAL_CONVERSION = YES;
				CLANG_WARN_OBJC_ROOT_CLASS = YES_ERROR;
				CLANG_WARN_RANGE_LOOP_ANALYSIS = YES;
				CLANG_WARN_STRICT_PROTOTYPES = YES;
				CLANG_WARN_SUSPICIOUS_MOVE = YES;
				CLANG_WARN_UNGUARDED_AVAILABILITY = YES_AGGRESSIVE;
				CLANG_WARN_UNREACHABLE_CODE = YES;
				CLANG_WARN__DUPLICATE_METHOD_MATCH = YES;
				CODE_SIGN_IDENTITY = "iPhone Developer";
				COPY_PHASE_STRIP = NO;
				DEBUG_INFORMATION_FORMAT = "dwarf-with-dsym";
				ENABLE_NS_ASSERTIONS = NO;
				ENABLE_STRICT_OBJC_MSGSEND = YES;
				GCC_C_LANGUAGE_STANDARD = gnu11;
				GCC_NO_COMMON_BLOCKS = YES;
				GCC_WARN_64_TO_32_BIT_CONVERSION = YES;
				GCC_WARN_ABOUT_RETURN_TYPE = YES_ERROR;
				GCC_WARN_UNDECLARED_SELECTOR = YES;
				GCC_WARN_UNINITIALIZED_AUTOS = YES_AGGRESSIVE;
				GCC_WARN_UNUSED_FUNCTION = YES;
				GCC_WARN_UNUSED_VARIABLE = YES;
				IPHONEOS_DEPLOYMENT_TARGET = 12.2;
				MTL_ENABLE_DEBUG_INFO = NO;
				MTL_FAST_MATH = YES;
				SDKROOT = iphoneos;
				SWIFT_COMPILATION_MODE = wholemodule;
				SWIFT_OPTIMIZATION_LEVEL = "-O";
				VALIDATE_PRODUCT = YES;
			};
			name = Release;
		};
		3B7F78D322C3C1560026FB8B /* Debug */ = {
			isa = XCBuildConfiguration;
			baseConfigurationReference = 8757C237EE15C14B4B2232FC /* Pods-Breather.debug.xcconfig */;
			buildSettings = {
				ASSETCATALOG_COMPILER_APPICON_NAME = AppIcon;
				CODE_SIGN_STYLE = Automatic;
				DEVELOPMENT_TEAM = Y4XABUQ539;
				INFOPLIST_FILE = Breather/Info.plist;
				LD_RUNPATH_SEARCH_PATHS = (
					"$(inherited)",
					"@executable_path/Frameworks",
				);
				PRODUCT_BUNDLE_IDENTIFIER = com.sujinnaljin.Breather;
				PRODUCT_NAME = "$(TARGET_NAME)";
				SWIFT_VERSION = 5.0;
				TARGETED_DEVICE_FAMILY = "1,2";
			};
			name = Debug;
		};
		3B7F78D422C3C1560026FB8B /* Release */ = {
			isa = XCBuildConfiguration;
			baseConfigurationReference = F9AE13669C4F1F7BF101D1C6 /* Pods-Breather.release.xcconfig */;
			buildSettings = {
				ASSETCATALOG_COMPILER_APPICON_NAME = AppIcon;
				CODE_SIGN_STYLE = Automatic;
				DEVELOPMENT_TEAM = Y4XABUQ539;
				INFOPLIST_FILE = Breather/Info.plist;
				LD_RUNPATH_SEARCH_PATHS = (
					"$(inherited)",
					"@executable_path/Frameworks",
				);
				PRODUCT_BUNDLE_IDENTIFIER = com.sujinnaljin.Breather;
				PRODUCT_NAME = "$(TARGET_NAME)";
				SWIFT_VERSION = 5.0;
				TARGETED_DEVICE_FAMILY = "1,2";
			};
			name = Release;
		};
/* End XCBuildConfiguration section */

/* Begin XCConfigurationList section */
		3B7F78BB22C3C1550026FB8B /* Build configuration list for PBXProject "Breather" */ = {
			isa = XCConfigurationList;
			buildConfigurations = (
				3B7F78D022C3C1560026FB8B /* Debug */,
				3B7F78D122C3C1560026FB8B /* Release */,
			);
			defaultConfigurationIsVisible = 0;
			defaultConfigurationName = Release;
		};
		3B7F78D222C3C1560026FB8B /* Build configuration list for PBXNativeTarget "Breather" */ = {
			isa = XCConfigurationList;
			buildConfigurations = (
				3B7F78D322C3C1560026FB8B /* Debug */,
				3B7F78D422C3C1560026FB8B /* Release */,
			);
			defaultConfigurationIsVisible = 0;
			defaultConfigurationName = Release;
		};
/* End XCConfigurationList section */
	};
	rootObject = 3B7F78B822C3C1550026FB8B /* Project object */;
}
